<?xml version="1.0" encoding="utf-8"?>
<Project ToolsVersion="4.0" xmlns="http://schemas.microsoft.com/developer/msbuild/2003">
  <ItemGroup>
    <ClCompile Include="..\source\game\game.c">
      <Filter>game</Filter>
    </ClCompile>
    <ClCompile Include="..\source\game\game_scu.c">
      <Filter>game</Filter>
    </ClCompile>
    <ClCompile Include="..\source\engine\system\system.c">
      <Filter>engine\system</Filter>
    </ClCompile>
    <ClCompile Include="..\source\engine\system\system_scu.c">
      <Filter>engine\system</Filter>
    </ClCompile>
    <ClCompile Include="..\source\engine\engine_scu.c">
      <Filter>engine</Filter>
    </ClCompile>
    <ClCompile Include="..\source\engine\gfx\gfx.c">
      <Filter>engine\gfx</Filter>
    </ClCompile>
    <ClCompile Include="..\source\engine\gfx\gfx_scu.c">
      <Filter>engine\gfx</Filter>
    </ClCompile>
    <ClCompile Include="..\source\engine\core\core_scu.c">
      <Filter>engine\core</Filter>
    </ClCompile>
    <ClCompile Include="..\source\engine\core\core.c">
      <Filter>engine\core</Filter>
    </ClCompile>
    <ClCompile Include="..\source\engine\gfx\gfx_scratch.c">
      <Filter>engine\gfx</Filter>
    </ClCompile>
    <ClCompile Include="..\source\engine\gfx\gfx_prim_callbacks.c">
      <Filter>engine\gfx</Filter>
    </ClCompile>
    <ClCompile Include="..\source\engine\gfx\gfx_renderstate.c">
      <Filter>engine\gfx</Filter>
    </ClCompile>
    <ClCompile Include="..\source\engine\input\input_scu.c">
      <Filter>engine\input</Filter>
    </ClCompile>
    <ClCompile Include="..\source\engine\input\input.c">
      <Filter>engine\input</Filter>
    </ClCompile>
    <ClCompile Include="..\source\engine\system\debug_info.c">
      <Filter>engine\system</Filter>
    </ClCompile>
  </ItemGroup>
  <ItemGroup>
    <ClInclude Include="..\source\engine\system\system.h">
      <Filter>engine\system</Filter>
    </ClInclude>
    <ClInclude Include="..\source\engine\engine.h">
      <Filter>engine</Filter>
    </ClInclude>
    <ClInclude Include="..\source\engine\gfx\gfx.h">
      <Filter>engine\gfx</Filter>
    </ClInclude>
    <ClInclude Include="..\source\engine\core\core.h">
      <Filter>engine\core</Filter>
    </ClInclude>
    <ClInclude Include="..\source\engine\gfx\gfx_scratch.h">
      <Filter>engine\gfx</Filter>
    </ClInclude>
    <ClInclude Include="..\source\engine\input\input.h">
      <Filter>engine\input</Filter>
    </ClInclude>
    <ClInclude Include="..\source\engine\system\debug_info.h">
      <Filter>engine\system</Filter>
    </ClInclude>
  </ItemGroup>
  <ItemGroup>
    <Filter Include="engine">
      <UniqueIdentifier>{799a4bc0-99fe-4f89-b11d-694554a4968f}</UniqueIdentifier>
    </Filter>
    <Filter Include="game">
      <UniqueIdentifier>{0c28b051-9994-482c-93f7-f0ba39a54e96}</UniqueIdentifier>
    </Filter>
    <Filter Include="engine\core">
      <UniqueIdentifier>{ee0bf28e-be0a-417b-8d0a-a6c5d6395365}</UniqueIdentifier>
    </Filter>
    <Filter Include="engine\gfx">
      <UniqueIdentifier>{4070aea3-b512-4006-9a39-c2240e4d7ae0}</UniqueIdentifier>
    </Filter>
    <Filter Include="engine\system">
      <UniqueIdentifier>{458ecf90-1c23-4a6c-a772-7bf9df9d2c51}</UniqueIdentifier>
    </Filter>
    <Filter Include="engine\input">
      <UniqueIdentifier>{f4fcb75a-333e-4d1b-a25e-8472426c903c}</UniqueIdentifier>
    </Filter>
  </ItemGroup>
  <ItemGroup>
    <None Include="build.bat" />
  </ItemGroup>
</Project>