<?xml version="1.0" encoding="utf-8"?>
<Project ToolsVersion="4.0" xmlns="http://schemas.microsoft.com/developer/msbuild/2003">
  <ItemGroup>
    <Filter Include="game">
      <UniqueIdentifier>{0e3f3046-e47f-42a1-ae26-76ce502d9efe}</UniqueIdentifier>
    </Filter>
    <Filter Include="engine">
      <UniqueIdentifier>{2a3c6c9d-c2bb-46a1-b1b8-97bfab4218b4}</UniqueIdentifier>
    </Filter>
    <Filter Include="game\embedded">
      <UniqueIdentifier>{1446f973-050c-490c-8de1-d63c3bc001d6}</UniqueIdentifier>
    </Filter>
    <Filter Include="engine\base">
      <UniqueIdentifier>{1e35f344-af5b-4d43-9a17-e5d7751a84fd}</UniqueIdentifier>
    </Filter>
    <Filter Include="engine\base\util">
      <UniqueIdentifier>{a26e40d3-b485-4699-a538-ade4ebd3db57}</UniqueIdentifier>
    </Filter>
    <Filter Include="engine\base\core">
      <UniqueIdentifier>{b0c3552a-573f-4de8-896b-ddb8017630eb}</UniqueIdentifier>
    </Filter>
    <Filter Include="engine\base\gfx">
      <UniqueIdentifier>{9f72f904-ff6c-4bf2-990f-ddaabf0c9e4d}</UniqueIdentifier>
    </Filter>
    <Filter Include="engine\base\input">
      <UniqueIdentifier>{a07b7212-4c19-4737-a436-a22879e0fe28}</UniqueIdentifier>
    </Filter>
    <Filter Include="engine\base\stream">
      <UniqueIdentifier>{c1a44cf5-3b88-4501-aec9-3c9899797363}</UniqueIdentifier>
    </Filter>
    <Filter Include="engine\base\system">
      <UniqueIdentifier>{bb6d1756-164d-4db9-8ea9-65baa3ee046c}</UniqueIdentifier>
    </Filter>
    <Filter Include="engine\base\res">
      <UniqueIdentifier>{f72d1e6f-32d4-4577-9c42-a4b6bd09dd25}</UniqueIdentifier>
    </Filter>
    <Filter Include="engine\base\time">
      <UniqueIdentifier>{a290c629-44fe-4042-bfc0-35cbb93cde91}</UniqueIdentifier>
    </Filter>
    <Filter Include="engine\base\gfx\embedded">
      <UniqueIdentifier>{7e305119-a823-4393-ae29-3653bd4cddc8}</UniqueIdentifier>
    </Filter>
    <Filter Include="engine\base\gfx\embedded\debug">
      <UniqueIdentifier>{2aa54a87-025f-4d41-ae30-63666d13bd49}</UniqueIdentifier>
    </Filter>
    <Filter Include="engine\hl">
      <UniqueIdentifier>{145c930a-f000-44f9-9eb4-a1d4e3d9fda6}</UniqueIdentifier>
    </Filter>
    <Filter Include="engine\hl\caches">
      <UniqueIdentifier>{a99cd2e5-39c9-4cf9-8c16-2b763427c233}</UniqueIdentifier>
    </Filter>
  </ItemGroup>
  <ItemGroup>
    <ClCompile Include="..\source\game.c">
      <Filter>game</Filter>
    </ClCompile>
    <ClCompile Include="..\source\game_scu.c">
      <Filter>game</Filter>
    </ClCompile>
    <ClCompile Include="..\..\..\engine\engine_scu.c">
      <Filter>engine</Filter>
    </ClCompile>
    <ClCompile Include="..\..\..\engine\input\input_scu.c">
      <Filter>engine\base\input</Filter>
    </ClCompile>
    <ClCompile Include="..\..\..\engine\input\input.c">
      <Filter>engine\base\input</Filter>
    </ClCompile>
    <ClCompile Include="..\source\scene_batch2d_test.c">
      <Filter>game</Filter>
    </ClCompile>
    <ClCompile Include="..\source\scene_prim_test.c">
      <Filter>game</Filter>
    </ClCompile>
    <ClCompile Include="..\source\embedded\BGTEX.C">
      <Filter>game\embedded</Filter>
    </ClCompile>
    <ClCompile Include="..\source\embedded\FNT.C">
      <Filter>game\embedded</Filter>
    </ClCompile>
    <ClCompile Include="..\source\scene_cd_test.c">
      <Filter>game</Filter>
    </ClCompile>
    <ClCompile Include="..\..\..\engine\base\base_scu.c">
      <Filter>engine\base</Filter>
    </ClCompile>
    <ClCompile Include="..\..\..\engine\base\res\res_material.c">
      <Filter>engine\base\res</Filter>
    </ClCompile>
    <ClCompile Include="..\..\..\engine\base\res\res_model2.c">
      <Filter>engine\base\res</Filter>
    </ClCompile>
    <ClCompile Include="..\..\..\engine\base\res\res_scu.c">
      <Filter>engine\base\res</Filter>
    </ClCompile>
    <ClCompile Include="..\..\..\engine\base\res\res_texture.c">
      <Filter>engine\base\res</Filter>
    </ClCompile>
    <ClCompile Include="..\..\..\engine\base\res\res.c">
      <Filter>engine\base\res</Filter>
    </ClCompile>
    <ClCompile Include="..\..\..\engine\base\time\time_scu.c">
      <Filter>engine\base\time</Filter>
    </ClCompile>
    <ClCompile Include="..\..\..\engine\base\time\time.c">
      <Filter>engine\base\time</Filter>
    </ClCompile>
    <ClCompile Include="..\..\..\engine\base\gfx\gfx_prim_callbacks.c">
      <Filter>engine\base\gfx</Filter>
    </ClCompile>
    <ClCompile Include="..\..\..\engine\base\gfx\gfx_renderstate.c">
      <Filter>engine\base\gfx</Filter>
    </ClCompile>
    <ClCompile Include="..\..\..\engine\base\gfx\gfx_scratch.c">
      <Filter>engine\base\gfx</Filter>
    </ClCompile>
    <ClCompile Include="..\..\..\engine\base\gfx\gfx_scu.c">
      <Filter>engine\base\gfx</Filter>
    </ClCompile>
    <ClCompile Include="..\..\..\engine\base\gfx\gfx.c">
      <Filter>engine\base\gfx</Filter>
    </ClCompile>
    <ClCompile Include="..\..\..\engine\base\gfx\gfx_batch2d.c">
      <Filter>engine\base\gfx</Filter>
    </ClCompile>
    <ClCompile Include="..\..\..\engine\base\gfx\embedded\debug\gfx_debugfont.c">
      <Filter>engine\base\gfx\embedded\debug</Filter>
    </ClCompile>
    <ClCompile Include="..\source\scene_model.c">
      <Filter>game</Filter>
    </ClCompile>
    <ClCompile Include="..\..\..\engine\base\stream\stream_scu.c">
      <Filter>engine\base\stream</Filter>
    </ClCompile>
    <ClCompile Include="..\..\..\engine\base\stream\stream.c">
      <Filter>engine\base\stream</Filter>
    </ClCompile>
    <ClCompile Include="..\..\..\engine\base\util\util_scu.c">
      <Filter>engine\base\util</Filter>
    </ClCompile>
    <ClCompile Include="..\..\..\engine\base\util\util.c">
      <Filter>engine\base\util</Filter>
    </ClCompile>
    <ClCompile Include="..\..\..\engine\base\core\core_mem.c">
      <Filter>engine\base\core</Filter>
    </ClCompile>
    <ClCompile Include="..\..\..\engine\base\core\core_scu.c">
      <Filter>engine\base\core</Filter>
    </ClCompile>
    <ClCompile Include="..\..\..\engine\base\core\core.c">
      <Filter>engine\base\core</Filter>
    </ClCompile>
    <ClCompile Include="..\..\..\engine\base\core\core_allocators.c">
      <Filter>engine\base\core</Filter>
    </ClCompile>
    <ClCompile Include="..\..\..\engine\hl\caches\cache_texture.c">
      <Filter>engine\hl\caches</Filter>
    </ClCompile>
    <ClCompile Include="..\..\..\engine\hl\caches\caches_scu.c">
      <Filter>engine\hl\caches</Filter>
    </ClCompile>
    <ClCompile Include="..\..\..\engine\hl\caches\obj_cache.c">
      <Filter>engine\hl\caches</Filter>
    </ClCompile>
    <ClCompile Include="..\..\..\engine\hl\caches\cache_model.c">
      <Filter>engine\hl\caches</Filter>
    </ClCompile>
    <ClCompile Include="..\source\scene_particles.c">
      <Filter>game</Filter>
    </ClCompile>
    <ClCompile Include="..\..\..\engine\base\system\debug_info.c">
      <Filter>engine\base\system</Filter>
    </ClCompile>
    <ClCompile Include="..\..\..\engine\base\system\system.c">
      <Filter>engine\base\system</Filter>
    </ClCompile>
    <ClCompile Include="..\..\..\engine\base\system\system_scu.c">
      <Filter>engine\base\system</Filter>
    </ClCompile>
  </ItemGroup>
  <ItemGroup>
    <ClInclude Include="..\..\..\engine\engine.h">
      <Filter>engine</Filter>
    </ClInclude>
    <ClInclude Include="..\..\..\engine\input\input.h">
      <Filter>engine\base\input</Filter>
    </ClInclude>
    <ClInclude Include="..\source\game.h">
      <Filter>game</Filter>
    </ClInclude>
    <ClInclude Include="..\..\..\engine\base\res\res.h">
      <Filter>engine\base\res</Filter>
    </ClInclude>
    <ClInclude Include="..\..\..\engine\base\time\time.h">
      <Filter>engine\base\time</Filter>
    </ClInclude>
    <ClInclude Include="..\..\..\engine\base\gfx\gfx_scratch.h">
      <Filter>engine\base\gfx</Filter>
    </ClInclude>
    <ClInclude Include="..\..\..\engine\base\gfx\gfx.h">
      <Filter>engine\base\gfx</Filter>
    </ClInclude>
    <ClInclude Include="..\..\..\engine\base\gfx\gfx_batch2d.h">
      <Filter>engine\base\gfx</Filter>
    </ClInclude>
    <ClInclude Include="..\..\..\engine\base\stream\stream.h">
      <Filter>engine\base\stream</Filter>
    </ClInclude>
    <ClInclude Include="..\..\..\engine\base\util\util.h">
      <Filter>engine\base\util</Filter>
    </ClInclude>
    <ClInclude Include="..\..\..\engine\base\core\core.h">
      <Filter>engine\base\core</Filter>
    </ClInclude>
    <ClInclude Include="..\..\..\engine\base\core\core_allocators.h">
      <Filter>engine\base\core</Filter>
    </ClInclude>
    <ClInclude Include="..\..\..\engine\hl\caches\caches.h">
      <Filter>engine\hl\caches</Filter>
    </ClInclude>
    <ClInclude Include="..\..\..\engine\hl\caches\obj_cache.h">
      <Filter>engine\hl\caches</Filter>
    </ClInclude>
    <ClInclude Include="..\..\..\engine\base\system\debug_info.h">
      <Filter>engine\base\system</Filter>
    </ClInclude>
    <ClInclude Include="..\..\..\engine\base\system\system.h">
      <Filter>engine\base\system</Filter>
    </ClInclude>
  </ItemGroup>
</Project>